// !$*UTF8*$!
{
	archiveVersion = 1;
	classes = {
	};
	objectVersion = 55;
	objects = {

/* Begin PBXBuildFile section */
		9B2DCC7D28876A6E00F86222 /* DetailViewController.swift in Sources */ = {isa = PBXBuildFile; fileRef = 9B2DCC7C28876A6E00F86222 /* DetailViewController.swift */; };
		9BA77775288B591D00C58ED1 /* ImageStore.swift in Sources */ = {isa = PBXBuildFile; fileRef = 9BA77774288B591D00C58ED1 /* ImageStore.swift */; };
		9BBC724E2885B0BC008E2835 /* Item.swift in Sources */ = {isa = PBXBuildFile; fileRef = 9BBC724D2885B0BB008E2835 /* Item.swift */; };
		9BBC72502885B495008E2835 /* ItemStore.swift in Sources */ = {isa = PBXBuildFile; fileRef = 9BBC724F2885B494008E2835 /* ItemStore.swift */; };
		9BBC72522886178B008E2835 /* ItemCell.swift in Sources */ = {isa = PBXBuildFile; fileRef = 9BBC72512886178B008E2835 /* ItemCell.swift */; };
		9BF0A6332885A24000B35A92 /* AppDelegate.swift in Sources */ = {isa = PBXBuildFile; fileRef = 9BF0A6322885A24000B35A92 /* AppDelegate.swift */; };
		9BF0A6352885A24000B35A92 /* SceneDelegate.swift in Sources */ = {isa = PBXBuildFile; fileRef = 9BF0A6342885A24000B35A92 /* SceneDelegate.swift */; };
		9BF0A63A2885A24000B35A92 /* Main.storyboard in Resources */ = {isa = PBXBuildFile; fileRef = 9BF0A6382885A24000B35A92 /* Main.storyboard */; };
		9BF0A63C2885A24200B35A92 /* Assets.xcassets in Resources */ = {isa = PBXBuildFile; fileRef = 9BF0A63B2885A24200B35A92 /* Assets.xcassets */; };
		9BF0A63F2885A24200B35A92 /* LaunchScreen.storyboard in Resources */ = {isa = PBXBuildFile; fileRef = 9BF0A63D2885A24200B35A92 /* LaunchScreen.storyboard */; };
		9BF0A64A2885A24200B35A92 /* LootLoggerTests.swift in Sources */ = {isa = PBXBuildFile; fileRef = 9BF0A6492885A24200B35A92 /* LootLoggerTests.swift */; };
		9BF0A6542885A24200B35A92 /* LootLoggerUITests.swift in Sources */ = {isa = PBXBuildFile; fileRef = 9BF0A6532885A24200B35A92 /* LootLoggerUITests.swift */; };
		9BF0A6562885A24200B35A92 /* LootLoggerUITestsLaunchTests.swift in Sources */ = {isa = PBXBuildFile; fileRef = 9BF0A6552885A24200B35A92 /* LootLoggerUITestsLaunchTests.swift */; };
		9BF0A6632885A40400B35A92 /* ItemsViewController.swift in Sources */ = {isa = PBXBuildFile; fileRef = 9BF0A6622885A40400B35A92 /* ItemsViewController.swift */; };
/* End PBXBuildFile section */

/* Begin PBXContainerItemProxy section */
		9BF0A6462885A24200B35A92 /* PBXContainerItemProxy */ = {
			isa = PBXContainerItemProxy;
			containerPortal = 9BF0A6272885A24000B35A92 /* Project object */;
			proxyType = 1;
			remoteGlobalIDString = 9BF0A62E2885A24000B35A92;
			remoteInfo = LootLogger;
		};
		9BF0A6502885A24200B35A92 /* PBXContainerItemProxy */ = {
			isa = PBXContainerItemProxy;
			containerPortal = 9BF0A6272885A24000B35A92 /* Project object */;
			proxyType = 1;
			remoteGlobalIDString = 9BF0A62E2885A24000B35A92;
			remoteInfo = LootLogger;
		};
/* End PBXContainerItemProxy section */

/* Begin PBXFileReference section */
		9B2DCC7C28876A6E00F86222 /* DetailViewController.swift */ = {isa = PBXFileReference; lastKnownFileType = sourcecode.swift; path = DetailViewController.swift; sourceTree = "<group>"; };
		9BA77774288B591D00C58ED1 /* ImageStore.swift */ = {isa = PBXFileReference; lastKnownFileType = sourcecode.swift; path = ImageStore.swift; sourceTree = "<group>"; };
		9BBC724D2885B0BB008E2835 /* Item.swift */ = {isa = PBXFileReference; lastKnownFileType = sourcecode.swift; path = Item.swift; sourceTree = "<group>"; };
		9BBC724F2885B494008E2835 /* ItemStore.swift */ = {isa = PBXFileReference; lastKnownFileType = sourcecode.swift; path = ItemStore.swift; sourceTree = "<group>"; };
		9BBC72512886178B008E2835 /* ItemCell.swift */ = {isa = PBXFileReference; lastKnownFileType = sourcecode.swift; path = ItemCell.swift; sourceTree = "<group>"; };
		9BF0A62F2885A24000B35A92 /* LootLogger.app */ = {isa = PBXFileReference; explicitFileType = wrapper.application; includeInIndex = 0; path = LootLogger.app; sourceTree = BUILT_PRODUCTS_DIR; };
		9BF0A6322885A24000B35A92 /* AppDelegate.swift */ = {isa = PBXFileReference; lastKnownFileType = sourcecode.swift; path = AppDelegate.swift; sourceTree = "<group>"; };
		9BF0A6342885A24000B35A92 /* SceneDelegate.swift */ = {isa = PBXFileReference; lastKnownFileType = sourcecode.swift; path = SceneDelegate.swift; sourceTree = "<group>"; };
		9BF0A6392885A24000B35A92 /* Base */ = {isa = PBXFileReference; lastKnownFileType = file.storyboard; name = Base; path = Base.lproj/Main.storyboard; sourceTree = "<group>"; };
		9BF0A63B2885A24200B35A92 /* Assets.xcassets */ = {isa = PBXFileReference; lastKnownFileType = folder.assetcatalog; path = Assets.xcassets; sourceTree = "<group>"; };
		9BF0A63E2885A24200B35A92 /* Base */ = {isa = PBXFileReference; lastKnownFileType = file.storyboard; name = Base; path = Base.lproj/LaunchScreen.storyboard; sourceTree = "<group>"; };
		9BF0A6402885A24200B35A92 /* Info.plist */ = {isa = PBXFileReference; lastKnownFileType = text.plist.xml; path = Info.plist; sourceTree = "<group>"; };
		9BF0A6452885A24200B35A92 /* LootLoggerTests.xctest */ = {isa = PBXFileReference; explicitFileType = wrapper.cfbundle; includeInIndex = 0; path = LootLoggerTests.xctest; sourceTree = BUILT_PRODUCTS_DIR; };
		9BF0A6492885A24200B35A92 /* LootLoggerTests.swift */ = {isa = PBXFileReference; lastKnownFileType = sourcecode.swift; path = LootLoggerTests.swift; sourceTree = "<group>"; };
		9BF0A64F2885A24200B35A92 /* LootLoggerUITests.xctest */ = {isa = PBXFileReference; explicitFileType = wrapper.cfbundle; includeInIndex = 0; path = LootLoggerUITests.xctest; sourceTree = BUILT_PRODUCTS_DIR; };
		9BF0A6532885A24200B35A92 /* LootLoggerUITests.swift */ = {isa = PBXFileReference; lastKnownFileType = sourcecode.swift; path = LootLoggerUITests.swift; sourceTree = "<group>"; };
		9BF0A6552885A24200B35A92 /* LootLoggerUITestsLaunchTests.swift */ = {isa = PBXFileReference; lastKnownFileType = sourcecode.swift; path = LootLoggerUITestsLaunchTests.swift; sourceTree = "<group>"; };
		9BF0A6622885A40400B35A92 /* ItemsViewController.swift */ = {isa = PBXFileReference; lastKnownFileType = sourcecode.swift; path = ItemsViewController.swift; sourceTree = "<group>"; };
/* End PBXFileReference section */

/* Begin PBXFrameworksBuildPhase section */
		9BF0A62C2885A24000B35A92 /* Frameworks */ = {
			isa = PBXFrameworksBuildPhase;
			buildActionMask = 2147483647;
			files = (
			);
			runOnlyForDeploymentPostprocessing = 0;
		};
		9BF0A6422885A24200B35A92 /* Frameworks */ = {
			isa = PBXFrameworksBuildPhase;
			buildActionMask = 2147483647;
			files = (
			);
			runOnlyForDeploymentPostprocessing = 0;
		};
		9BF0A64C2885A24200B35A92 /* Frameworks */ = {
			isa = PBXFrameworksBuildPhase;
			buildActionMask = 2147483647;
			files = (
			);
			runOnlyForDeploymentPostprocessing = 0;
		};
/* End PBXFrameworksBuildPhase section */

/* Begin PBXGroup section */
		9BF0A6262885A24000B35A92 = {
			isa = PBXGroup;
			children = (
				9BF0A6312885A24000B35A92 /* LootLogger */,
				9BF0A6482885A24200B35A92 /* LootLoggerTests */,
				9BF0A6522885A24200B35A92 /* LootLoggerUITests */,
				9BF0A6302885A24000B35A92 /* Products */,
			);
			sourceTree = "<group>";
		};
		9BF0A6302885A24000B35A92 /* Products */ = {
			isa = PBXGroup;
			children = (
				9BF0A62F2885A24000B35A92 /* LootLogger.app */,
				9BF0A6452885A24200B35A92 /* LootLoggerTests.xctest */,
				9BF0A64F2885A24200B35A92 /* LootLoggerUITests.xctest */,
			);
			name = Products;
			sourceTree = "<group>";
		};
		9BF0A6312885A24000B35A92 /* LootLogger */ = {
			isa = PBXGroup;
			children = (
				9BF0A6322885A24000B35A92 /* AppDelegate.swift */,
				9BF0A6342885A24000B35A92 /* SceneDelegate.swift */,
				9BF0A6382885A24000B35A92 /* Main.storyboard */,
				9BF0A63B2885A24200B35A92 /* Assets.xcassets */,
				9BF0A63D2885A24200B35A92 /* LaunchScreen.storyboard */,
				9BF0A6402885A24200B35A92 /* Info.plist */,
				9BF0A6622885A40400B35A92 /* ItemsViewController.swift */,
				9BBC724D2885B0BB008E2835 /* Item.swift */,
				9BBC724F2885B494008E2835 /* ItemStore.swift */,
				9BBC72512886178B008E2835 /* ItemCell.swift */,
				9B2DCC7C28876A6E00F86222 /* DetailViewController.swift */,
				9BA77774288B591D00C58ED1 /* ImageStore.swift */,
			);
			path = LootLogger;
			sourceTree = "<group>";
		};
		9BF0A6482885A24200B35A92 /* LootLoggerTests */ = {
			isa = PBXGroup;
			children = (
				9BF0A6492885A24200B35A92 /* LootLoggerTests.swift */,
			);
			path = LootLoggerTests;
			sourceTree = "<group>";
		};
		9BF0A6522885A24200B35A92 /* LootLoggerUITests */ = {
			isa = PBXGroup;
			children = (
				9BF0A6532885A24200B35A92 /* LootLoggerUITests.swift */,
				9BF0A6552885A24200B35A92 /* LootLoggerUITestsLaunchTests.swift */,
			);
			path = LootLoggerUITests;
			sourceTree = "<group>";
		};
/* End PBXGroup section */

/* Begin PBXNativeTarget section */
		9BF0A62E2885A24000B35A92 /* LootLogger */ = {
			isa = PBXNativeTarget;
			buildConfigurationList = 9BF0A6592885A24200B35A92 /* Build configuration list for PBXNativeTarget "LootLogger" */;
			buildPhases = (
				9BF0A62B2885A24000B35A92 /* Sources */,
				9BF0A62C2885A24000B35A92 /* Frameworks */,
				9BF0A62D2885A24000B35A92 /* Resources */,
			);
			buildRules = (
			);
			dependencies = (
			);
			name = LootLogger;
			productName = LootLogger;
			productReference = 9BF0A62F2885A24000B35A92 /* LootLogger.app */;
			productType = "com.apple.product-type.application";
		};
		9BF0A6442885A24200B35A92 /* LootLoggerTests */ = {
			isa = PBXNativeTarget;
			buildConfigurationList = 9BF0A65C2885A24200B35A92 /* Build configuration list for PBXNativeTarget "LootLoggerTests" */;
			buildPhases = (
				9BF0A6412885A24200B35A92 /* Sources */,
				9BF0A6422885A24200B35A92 /* Frameworks */,
				9BF0A6432885A24200B35A92 /* Resources */,
			);
			buildRules = (
			);
			dependencies = (
				9BF0A6472885A24200B35A92 /* PBXTargetDependency */,
			);
			name = LootLoggerTests;
			productName = LootLoggerTests;
			productReference = 9BF0A6452885A24200B35A92 /* LootLoggerTests.xctest */;
			productType = "com.apple.product-type.bundle.unit-test";
		};
		9BF0A64E2885A24200B35A92 /* LootLoggerUITests */ = {
			isa = PBXNativeTarget;
			buildConfigurationList = 9BF0A65F2885A24200B35A92 /* Build configuration list for PBXNativeTarget "LootLoggerUITests" */;
			buildPhases = (
				9BF0A64B2885A24200B35A92 /* Sources */,
				9BF0A64C2885A24200B35A92 /* Frameworks */,
				9BF0A64D2885A24200B35A92 /* Resources */,
			);
			buildRules = (
			);
			dependencies = (
				9BF0A6512885A24200B35A92 /* PBXTargetDependency */,
			);
			name = LootLoggerUITests;
			productName = LootLoggerUITests;
			productReference = 9BF0A64F2885A24200B35A92 /* LootLoggerUITests.xctest */;
			productType = "com.apple.product-type.bundle.ui-testing";
		};
/* End PBXNativeTarget section */

/* Begin PBXProject section */
		9BF0A6272885A24000B35A92 /* Project object */ = {
			isa = PBXProject;
			attributes = {
				BuildIndependentTargetsInParallel = 1;
				LastSwiftUpdateCheck = 1340;
				LastUpgradeCheck = 1340;
				TargetAttributes = {
					9BF0A62E2885A24000B35A92 = {
						CreatedOnToolsVersion = 13.4.1;
					};
					9BF0A6442885A24200B35A92 = {
						CreatedOnToolsVersion = 13.4.1;
						TestTargetID = 9BF0A62E2885A24000B35A92;
					};
					9BF0A64E2885A24200B35A92 = {
						CreatedOnToolsVersion = 13.4.1;
						TestTargetID = 9BF0A62E2885A24000B35A92;
					};
				};
			};
			buildConfigurationList = 9BF0A62A2885A24000B35A92 /* Build configuration list for PBXProject "LootLogger" */;
			compatibilityVersion = "Xcode 13.0";
			developmentRegion = en;
			hasScannedForEncodings = 0;
			knownRegions = (
				en,
				Base,
			);
			mainGroup = 9BF0A6262885A24000B35A92;
			productRefGroup = 9BF0A6302885A24000B35A92 /* Products */;
			projectDirPath = "";
			projectRoot = "";
			targets = (
				9BF0A62E2885A24000B35A92 /* LootLogger */,
				9BF0A6442885A24200B35A92 /* LootLoggerTests */,
				9BF0A64E2885A24200B35A92 /* LootLoggerUITests */,
			);
		};
/* End PBXProject section */

/* Begin PBXResourcesBuildPhase section */
		9BF0A62D2885A24000B35A92 /* Resources */ = {
			isa = PBXResourcesBuildPhase;
			buildActionMask = 2147483647;
			files = (
				9BF0A63F2885A24200B35A92 /* LaunchScreen.storyboard in Resources */,
				9BF0A63C2885A24200B35A92 /* Assets.xcassets in Resources */,
				9BF0A63A2885A24000B35A92 /* Main.storyboard in Resources */,
			);
			runOnlyForDeploymentPostprocessing = 0;
		};
		9BF0A6432885A24200B35A92 /* Resources */ = {
			isa = PBXResourcesBuildPhase;
			buildActionMask = 2147483647;
			files = (
			);
			runOnlyForDeploymentPostprocessing = 0;
		};
		9BF0A64D2885A24200B35A92 /* Resources */ = {
			isa = PBXResourcesBuildPhase;
			buildActionMask = 2147483647;
			files = (
			);
			runOnlyForDeploymentPostprocessing = 0;
		};
/* End PBXResourcesBuildPhase section */

/* Begin PBXSourcesBuildPhase section */
		9BF0A62B2885A24000B35A92 /* Sources */ = {
			isa = PBXSourcesBuildPhase;
			buildActionMask = 2147483647;
			files = (
				9BBC724E2885B0BC008E2835 /* Item.swift in Sources */,
				9BF0A6632885A40400B35A92 /* ItemsViewController.swift in Sources */,
				9BBC72522886178B008E2835 /* ItemCell.swift in Sources */,
				9BA77775288B591D00C58ED1 /* ImageStore.swift in Sources */,
				9BF0A6332885A24000B35A92 /* AppDelegate.swift in Sources */,
				9BBC72502885B495008E2835 /* ItemStore.swift in Sources */,
				9BF0A6352885A24000B35A92 /* SceneDelegate.swift in Sources */,
				9B2DCC7D28876A6E00F86222 /* DetailViewController.swift in Sources */,
			);
			runOnlyForDeploymentPostprocessing = 0;
		};
		9BF0A6412885A24200B35A92 /* Sources */ = {
			isa = PBXSourcesBuildPhase;
			buildActionMask = 2147483647;
			files = (
				9BF0A64A2885A24200B35A92 /* LootLoggerTests.swift in Sources */,
			);
			runOnlyForDeploymentPostprocessing = 0;
		};
		9BF0A64B2885A24200B35A92 /* Sources */ = {
			isa = PBXSourcesBuildPhase;
			buildActionMask = 2147483647;
			files = (
				9BF0A6562885A24200B35A92 /* LootLoggerUITestsLaunchTests.swift in Sources */,
				9BF0A6542885A24200B35A92 /* LootLoggerUITests.swift in Sources */,
			);
			runOnlyForDeploymentPostprocessing = 0;
		};
/* End PBXSourcesBuildPhase section */

/* Begin PBXTargetDependency section */
		9BF0A6472885A24200B35A92 /* PBXTargetDependency */ = {
			isa = PBXTargetDependency;
			target = 9BF0A62E2885A24000B35A92 /* LootLogger */;
			targetProxy = 9BF0A6462885A24200B35A92 /* PBXContainerItemProxy */;
		};
		9BF0A6512885A24200B35A92 /* PBXTargetDependency */ = {
			isa = PBXTargetDependency;
			target = 9BF0A62E2885A24000B35A92 /* LootLogger */;
			targetProxy = 9BF0A6502885A24200B35A92 /* PBXContainerItemProxy */;
		};
/* End PBXTargetDependency section */

/* Begin PBXVariantGroup section */
		9BF0A6382885A24000B35A92 /* Main.storyboard */ = {
			isa = PBXVariantGroup;
			children = (
				9BF0A6392885A24000B35A92 /* Base */,
			);
			name = Main.storyboard;
			sourceTree = "<group>";
		};
		9BF0A63D2885A24200B35A92 /* LaunchScreen.storyboard */ = {
			isa = PBXVariantGroup;
			children = (
				9BF0A63E2885A24200B35A92 /* Base */,
			);
			name = LaunchScreen.storyboard;
			sourceTree = "<group>";
		};
/* End PBXVariantGroup section */

/* Begin XCBuildConfiguration section */
		9BF0A6572885A24200B35A92 /* Debug */ = {
			isa = XCBuildConfiguration;
			buildSettings = {
				ALWAYS_SEARCH_USER_PATHS = NO;
				CLANG_ANALYZER_NONNULL = YES;
				CLANG_ANALYZER_NUMBER_OBJECT_CONVERSION = YES_AGGRESSIVE;
				CLANG_CXX_LANGUAGE_STANDARD = "gnu++17";
				CLANG_ENABLE_MODULES = YES;
				CLANG_ENABLE_OBJC_ARC = YES;
				CLANG_ENABLE_OBJC_WEAK = YES;
				CLANG_WARN_BLOCK_CAPTURE_AUTORELEASING = YES;
				CLANG_WARN_BOOL_CONVERSION = YES;
				CLANG_WARN_COMMA = YES;
				CLANG_WARN_CONSTANT_CONVERSION = YES;
				CLANG_WARN_DEPRECATED_OBJC_IMPLEMENTATIONS = YES;
				CLANG_WARN_DIRECT_OBJC_ISA_USAGE = YES_ERROR;
				CLANG_WARN_DOCUMENTATION_COMMENTS = YES;
				CLANG_WARN_EMPTY_BODY = YES;
				CLANG_WARN_ENUM_CONVERSION = YES;
				CLANG_WARN_INFINITE_RECURSION = YES;
				CLANG_WARN_INT_CONVERSION = YES;
				CLANG_WARN_NON_LITERAL_NULL_CONVERSION = YES;
				CLANG_WARN_OBJC_IMPLICIT_RETAIN_SELF = YES;
				CLANG_WARN_OBJC_LITERAL_CONVERSION = YES;
				CLANG_WARN_OBJC_ROOT_CLASS = YES_ERROR;
				CLANG_WARN_QUOTED_INCLUDE_IN_FRAMEWORK_HEADER = YES;
				CLANG_WARN_RANGE_LOOP_ANALYSIS = YES;
				CLANG_WARN_STRICT_PROTOTYPES = YES;
				CLANG_WARN_SUSPICIOUS_MOVE = YES;
				CLANG_WARN_UNGUARDED_AVAILABILITY = YES_AGGRESSIVE;
				CLANG_WARN_UNREACHABLE_CODE = YES;
				CLANG_WARN__DUPLICATE_METHOD_MATCH = YES;
				COPY_PHASE_STRIP = NO;
				DEBUG_INFORMATION_FORMAT = dwarf;
				ENABLE_STRICT_OBJC_MSGSEND = YES;
				ENABLE_TESTABILITY = YES;
				GCC_C_LANGUAGE_STANDARD = gnu11;
				GCC_DYNAMIC_NO_PIC = NO;
				GCC_NO_COMMON_BLOCKS = YES;
				GCC_OPTIMIZATION_LEVEL = 0;
				GCC_PREPROCESSOR_DEFINITIONS = (
					"DEBUG=1",
					"$(inherited)",
				);
				GCC_WARN_64_TO_32_BIT_CONVERSION = YES;
				GCC_WARN_ABOUT_RETURN_TYPE = YES_ERROR;
				GCC_WARN_UNDECLARED_SELECTOR = YES;
				GCC_WARN_UNINITIALIZED_AUTOS = YES_AGGRESSIVE;
				GCC_WARN_UNUSED_FUNCTION = YES;
				GCC_WARN_UNUSED_VARIABLE = YES;
				IPHONEOS_DEPLOYMENT_TARGET = 15.5;
				MTL_ENABLE_DEBUG_INFO = INCLUDE_SOURCE;
				MTL_FAST_MATH = YES;
				ONLY_ACTIVE_ARCH = YES;
				SDKROOT = iphoneos;
				SWIFT_ACTIVE_COMPILATION_CONDITIONS = DEBUG;
				SWIFT_OPTIMIZATION_LEVEL = "-Onone";
			};
			name = Debug;
		};
		9BF0A6582885A24200B35A92 /* Release */ = {
			isa = XCBuildConfiguration;
			buildSettings = {
				ALWAYS_SEARCH_USER_PATHS = NO;
				CLANG_ANALYZER_NONNULL = YES;
				CLANG_ANALYZER_NUMBER_OBJECT_CONVERSION = YES_AGGRESSIVE;
				CLANG_CXX_LANGUAGE_STANDARD = "gnu++17";
				CLANG_ENABLE_MODULES = YES;
				CLANG_ENABLE_OBJC_ARC = YES;
				CLANG_ENABLE_OBJC_WEAK = YES;
				CLANG_WARN_BLOCK_CAPTURE_AUTORELEASING = YES;
				CLANG_WARN_BOOL_CONVERSION = YES;
				CLANG_WARN_COMMA = YES;
				CLANG_WARN_CONSTANT_CONVERSION = YES;
				CLANG_WARN_DEPRECATED_OBJC_IMPLEMENTATIONS = YES;
				CLANG_WARN_DIRECT_OBJC_ISA_USAGE = YES_ERROR;
				CLANG_WARN_DOCUMENTATION_COMMENTS = YES;
				CLANG_WARN_EMPTY_BODY = YES;
				CLANG_WARN_ENUM_CONVERSION = YES;
				CLANG_WARN_INFINITE_RECURSION = YES;
				CLANG_WARN_INT_CONVERSION = YES;
				CLANG_WARN_NON_LITERAL_NULL_CONVERSION = YES;
				CLANG_WARN_OBJC_IMPLICIT_RETAIN_SELF = YES;
				CLANG_WARN_OBJC_LITERAL_CONVERSION = YES;
				CLANG_WARN_OBJC_ROOT_CLASS = YES_ERROR;
				CLANG_WARN_QUOTED_INCLUDE_IN_FRAMEWORK_HEADER = YES;
				CLANG_WARN_RANGE_LOOP_ANALYSIS = YES;
				CLANG_WARN_STRICT_PROTOTYPES = YES;
				CLANG_WARN_SUSPICIOUS_MOVE = YES;
				CLANG_WARN_UNGUARDED_AVAILABILITY = YES_AGGRESSIVE;
				CLANG_WARN_UNREACHABLE_CODE = YES;
				CLANG_WARN__DUPLICATE_METHOD_MATCH = YES;
				COPY_PHASE_STRIP = NO;
				DEBUG_INFORMATION_FORMAT = "dwarf-with-dsym";
				ENABLE_NS_ASSERTIONS = NO;
				ENABLE_STRICT_OBJC_MSGSEND = YES;
				GCC_C_LANGUAGE_STANDARD = gnu11;
				GCC_NO_COMMON_BLOCKS = YES;
				GCC_WARN_64_TO_32_BIT_CONVERSION = YES;
				GCC_WARN_ABOUT_RETURN_TYPE = YES_ERROR;
				GCC_WARN_UNDECLARED_SELECTOR = YES;
				GCC_WARN_UNINITIALIZED_AUTOS = YES_AGGRESSIVE;
				GCC_WARN_UNUSED_FUNCTION = YES;
				GCC_WARN_UNUSED_VARIABLE = YES;
				IPHONEOS_DEPLOYMENT_TARGET = 15.5;
				MTL_ENABLE_DEBUG_INFO = NO;
				MTL_FAST_MATH = YES;
				SDKROOT = iphoneos;
				SWIFT_COMPILATION_MODE = wholemodule;
				SWIFT_OPTIMIZATION_LEVEL = "-O";
				VALIDATE_PRODUCT = YES;
			};
			name = Release;
		};
		9BF0A65A2885A24200B35A92 /* Debug */ = {
			isa = XCBuildConfiguration;
			buildSettings = {
				ASSETCATALOG_COMPILER_APPICON_NAME = AppIcon;
				ASSETCATALOG_COMPILER_GLOBAL_ACCENT_COLOR_NAME = AccentColor;
				CODE_SIGN_STYLE = Automatic;
				CURRENT_PROJECT_VERSION = 1;
				GENERATE_INFOPLIST_FILE = YES;
				INFOPLIST_FILE = LootLogger/Info.plist;
				INFOPLIST_KEY_NSCameraUsageDescription = "This app uses the camera to associate photos with the items";
				INFOPLIST_KEY_UIApplicationSupportsIndirectInputEvents = YES;
				INFOPLIST_KEY_UILaunchStoryboardName = Main;
				INFOPLIST_KEY_UIMainStoryboardFile = Main;
				INFOPLIST_KEY_UISupportedInterfaceOrientations_iPad = "UIInterfaceOrientationPortrait UIInterfaceOrientationPortraitUpsideDown UIInterfaceOrientationLandscapeLeft UIInterfaceOrientationLandscapeRight";
				INFOPLIST_KEY_UISupportedInterfaceOrientations_iPhone = "UIInterfaceOrientationPortrait UIInterfaceOrientationLandscapeLeft UIInterfaceOrientationLandscapeRight";
				LD_RUNPATH_SEARCH_PATHS = (
					"$(inherited)",
					"@executable_path/Frameworks",
				);
				MARKETING_VERSION = 1.0;
				PRODUCT_BUNDLE_IDENTIFIER = com.bignerdranch.LootLogger;
				PRODUCT_NAME = "$(TARGET_NAME)";
				SWIFT_EMIT_LOC_STRINGS = YES;
				SWIFT_VERSION = 5.0;
				TARGETED_DEVICE_FAMILY = "1,2";
			};
			name = Debug;
		};
		9BF0A65B2885A24200B35A92 /* Release */ = {
			isa = XCBuildConfiguration;
			buildSettings = {
				ASSETCATALOG_COMPILER_APPICON_NAME = AppIcon;
				ASSETCATALOG_COMPILER_GLOBAL_ACCENT_COLOR_NAME = AccentColor;
				CODE_SIGN_STYLE = Automatic;
				CURRENT_PROJECT_VERSION = 1;
				GENERATE_INFOPLIST_FILE = YES;
				INFOPLIST_FILE = LootLogger/Info.plist;
				INFOPLIST_KEY_NSCameraUsageDescription = "This app uses the camera to associate photos with the items";
				INFOPLIST_KEY_UIApplicationSupportsIndirectInputEvents = YES;
				INFOPLIST_KEY_UILaunchStoryboardName = Main;
				INFOPLIST_KEY_UIMainStoryboardFile = Main;
				INFOPLIST_KEY_UISupportedInterfaceOrientations_iPad = "UIInterfaceOrientationPortrait UIInterfaceOrientationPortraitUpsideDown UIInterfaceOrientationLandscapeLeft UIInterfaceOrientationLandscapeRight";
				INFOPLIST_KEY_UISupportedInterfaceOrientations_iPhone = "UIInterfaceOrientationPortrait UIInterfaceOrientationLandscapeLeft UIInterfaceOrientationLandscapeRight";
				LD_RUNPATH_SEARCH_PATHS = (
					"$(inherited)",
					"@executable_path/Frameworks",
				);
				MARKETING_VERSION = 1.0;
				PRODUCT_BUNDLE_IDENTIFIER = com.bignerdranch.LootLogger;
				PRODUCT_NAME = "$(TARGET_NAME)";
				SWIFT_EMIT_LOC_STRINGS = YES;
				SWIFT_VERSION = 5.0;
				TARGETED_DEVICE_FAMILY = "1,2";
			};
			name = Release;
		};
		9BF0A65D2885A24200B35A92 /* Debug */ = {
			isa = XCBuildConfiguration;
			buildSettings = {
				ALWAYS_EMBED_SWIFT_STANDARD_LIBRARIES = YES;
				BUNDLE_LOADER = "$(TEST_HOST)";
				CODE_SIGN_STYLE = Automatic;
				CURRENT_PROJECT_VERSION = 1;
				GENERATE_INFOPLIST_FILE = YES;
				IPHONEOS_DEPLOYMENT_TARGET = 15.5;
				MARKETING_VERSION = 1.0;
				PRODUCT_BUNDLE_IDENTIFIER = com.bignerdranch.LootLoggerTests;
				PRODUCT_NAME = "$(TARGET_NAME)";
				SWIFT_EMIT_LOC_STRINGS = NO;
				SWIFT_VERSION = 5.0;
				TARGETED_DEVICE_FAMILY = "1,2";
				TEST_HOST = "$(BUILT_PRODUCTS_DIR)/LootLogger.app/LootLogger";
			};
			name = Debug;
		};
		9BF0A65E2885A24200B35A92 /* Release */ = {
			isa = XCBuildConfiguration;
			buildSettings = {
				ALWAYS_EMBED_SWIFT_STANDARD_LIBRARIES = YES;
				BUNDLE_LOADER = "$(TEST_HOST)";
				CODE_SIGN_STYLE = Automatic;
				CURRENT_PROJECT_VERSION = 1;
				GENERATE_INFOPLIST_FILE = YES;
				IPHONEOS_DEPLOYMENT_TARGET = 15.5;
				MARKETING_VERSION = 1.0;
				PRODUCT_BUNDLE_IDENTIFIER = com.bignerdranch.LootLoggerTests;
				PRODUCT_NAME = "$(TARGET_NAME)";
				SWIFT_EMIT_LOC_STRINGS = NO;
				SWIFT_VERSION = 5.0;
				TARGETED_DEVICE_FAMILY = "1,2";
				TEST_HOST = "$(BUILT_PRODUCTS_DIR)/LootLogger.app/LootLogger";
			};
			name = Release;
		};
		9BF0A6602885A24200B35A92 /* Debug */ = {
			isa = XCBuildConfiguration;
			buildSettings = {
				ALWAYS_EMBED_SWIFT_STANDARD_LIBRARIES = YES;
				CODE_SIGN_STYLE = Automatic;
				CURRENT_PROJECT_VERSION = 1;
				GENERATE_INFOPLIST_FILE = YES;
				MARKETING_VERSION = 1.0;
				PRODUCT_BUNDLE_IDENTIFIER = com.bignerdranch.LootLoggerUITests;
				PRODUCT_NAME = "$(TARGET_NAME)";
				SWIFT_EMIT_LOC_STRINGS = NO;
				SWIFT_VERSION = 5.0;
				TARGETED_DEVICE_FAMILY = "1,2";
				TEST_TARGET_NAME = LootLogger;
			};
			name = Debug;
		};
		9BF0A6612885A24200B35A92 /* Release */ = {
			isa = XCBuildConfiguration;
			buildSettings = {
				ALWAYS_EMBED_SWIFT_STANDARD_LIBRARIES = YES;
				CODE_SIGN_STYLE = Automatic;
				CURRENT_PROJECT_VERSION = 1;
				GENERATE_INFOPLIST_FILE = YES;
				MARKETING_VERSION = 1.0;
				PRODUCT_BUNDLE_IDENTIFIER = com.bignerdranch.LootLoggerUITests;
				PRODUCT_NAME = "$(TARGET_NAME)";
				SWIFT_EMIT_LOC_STRINGS = NO;
				SWIFT_VERSION = 5.0;
				TARGETED_DEVICE_FAMILY = "1,2";
				TEST_TARGET_NAME = LootLogger;
			};
			name = Release;
		};
/* End XCBuildConfiguration section */

/* Begin XCConfigurationList section */
		9BF0A62A2885A24000B35A92 /* Build configuration list for PBXProject "LootLogger" */ = {
			isa = XCConfigurationList;
			buildConfigurations = (
				9BF0A6572885A24200B35A92 /* Debug */,
				9BF0A6582885A24200B35A92 /* Release */,
			);
			defaultConfigurationIsVisible = 0;
			defaultConfigurationName = Release;
		};
		9BF0A6592885A24200B35A92 /* Build configuration list for PBXNativeTarget "LootLogger" */ = {
			isa = XCConfigurationList;
			buildConfigurations = (
				9BF0A65A2885A24200B35A92 /* Debug */,
				9BF0A65B2885A24200B35A92 /* Release */,
			);
			defaultConfigurationIsVisible = 0;
			defaultConfigurationName = Release;
		};
		9BF0A65C2885A24200B35A92 /* Build configuration list for PBXNativeTarget "LootLoggerTests" */ = {
			isa = XCConfigurationList;
			buildConfigurations = (
				9BF0A65D2885A24200B35A92 /* Debug */,
				9BF0A65E2885A24200B35A92 /* Release */,
			);
			defaultConfigurationIsVisible = 0;
			defaultConfigurationName = Release;
		};
		9BF0A65F2885A24200B35A92 /* Build configuration list for PBXNativeTarget "LootLoggerUITests" */ = {
			isa = XCConfigurationList;
			buildConfigurations = (
				9BF0A6602885A24200B35A92 /* Debug */,
				9BF0A6612885A24200B35A92 /* Release */,
			);
			defaultConfigurationIsVisible = 0;
			defaultConfigurationName = Release;
		};
/* End XCConfigurationList section */
	};
	rootObject = 9BF0A6272885A24000B35A92 /* Project object */;
}
